
Microsoft Visual Studio Solution File, Format Version 12.00
# Visual Studio Version 16
VisualStudioVersion = 16.0.31729.503
MinimumVisualStudioVersion = 10.0.40219.1
Project("{9A19103F-16F7-4668-BE54-9A1E7A4F7556}") = "DataStructuresAndAlgorithms", "DataStructuresAndAlgorithms.csproj", "{26FCDF34-1C56-40D4-AB22-6AD0339391C5}"
EndProject
Project("{FAE04EC0-301F-11D3-BF4B-00C04F79EFBC}") = "LinearDataStructures", "..\LinearDataStructures\LinearDataStructures.csproj", "{A3E20572-DDFD-41CE-AE2B-AF7FB78E5AE8}"
EndProject
Project("{FAE04EC0-301F-11D3-BF4B-00C04F79EFBC}") = "Trees", "..\Trees\Trees.csproj", "{3B18C40B-93A1-4803-A0D5-52C8F6BF1E06}"
EndProject
Global
	GlobalSection(SolutionConfigurationPlatforms) = preSolution
		Debug|Any CPU = Debug|Any CPU
		Release|Any CPU = Release|Any CPU
	EndGlobalSection
	GlobalSection(ProjectConfigurationPlatforms) = postSolution
		{26FCDF34-1C56-40D4-AB22-6AD0339391C5}.Debug|Any CPU.ActiveCfg = Debug|Any CPU
		{26FCDF34-1C56-40D4-AB22-6AD0339391C5}.Debug|Any CPU.Build.0 = Debug|Any CPU
		{26FCDF34-1C56-40D4-AB22-6AD0339391C5}.Release|Any CPU.ActiveCfg = Release|Any CPU
		{26FCDF34-1C56-40D4-AB22-6AD0339391C5}.Release|Any CPU.Build.0 = Release|Any CPU
		{A3E20572-DDFD-41CE-AE2B-AF7FB78E5AE8}.Debug|Any CPU.ActiveCfg = Debug|Any CPU
		{A3E20572-DDFD-41CE-AE2B-AF7FB78E5AE8}.Debug|Any CPU.Build.0 = Debug|Any CPU
		{A3E20572-DDFD-41CE-AE2B-AF7FB78E5AE8}.Release|Any CPU.ActiveCfg = Release|Any CPU
		{A3E20572-DDFD-41CE-AE2B-AF7FB78E5AE8}.Release|Any CPU.Build.0 = Release|Any CPU
		{3B18C40B-93A1-4803-A0D5-52C8F6BF1E06}.Debug|Any CPU.ActiveCfg = Debug|Any CPU
		{3B18C40B-93A1-4803-A0D5-52C8F6BF1E06}.Debug|Any CPU.Build.0 = Debug|Any CPU
		{3B18C40B-93A1-4803-A0D5-52C8F6BF1E06}.Release|Any CPU.ActiveCfg = Release|Any CPU
		{3B18C40B-93A1-4803-A0D5-52C8F6BF1E06}.Release|Any CPU.Build.0 = Release|Any CPU
	EndGlobalSection
	GlobalSection(SolutionProperties) = preSolution
		HideSolutionNode = FALSE
	EndGlobalSection
	GlobalSection(ExtensibilityGlobals) = postSolution
		SolutionGuid = {F5A2BB61-2756-4B3A-90DC-2255745A38CE}
	EndGlobalSection
EndGlobal
